
Microsoft Visual Studio Solution File, Format Version 12.00
# Visual Studio Version 17
VisualStudioVersion = 17.4.33205.214
MinimumVisualStudioVersion = 10.0.40219.1
Project("{FAE04EC0-301F-11D3-BF4B-00C04F79EFBC}") = "Task_12_1_5", "Task_12_1_5.csproj", "{367F0372-5AF9-4C22-9F54-0DC4454A0469}"
EndProject
Global
	GlobalSection(SolutionConfigurationPlatforms) = preSolution
		Debug|Any CPU = Debug|Any CPU
		Release|Any CPU = Release|Any CPU
	EndGlobalSection
	GlobalSection(ProjectConfigurationPlatforms) = postSolution
		{367F0372-5AF9-4C22-9F54-0DC4454A0469}.Debug|Any CPU.ActiveCfg = Debug|Any CPU
		{367F0372-5AF9-4C22-9F54-0DC4454A0469}.Debug|Any CPU.Build.0 = Debug|Any CPU
		{367F0372-5AF9-4C22-9F54-0DC4454A0469}.Release|Any CPU.ActiveCfg = Release|Any CPU
		{367F0372-5AF9-4C22-9F54-0DC4454A0469}.Release|Any CPU.Build.0 = Release|Any CPU
	EndGlobalSection
	GlobalSection(SolutionProperties) = preSolution
		HideSolutionNode = FALSE
	EndGlobalSection
	GlobalSection(ExtensibilityGlobals) = postSolution
		SolutionGuid = {E3409A4C-D074-4A5A-BF3D-30A73903BF3F}
	EndGlobalSection
EndGlobal
